// !$*UTF8*$!
{
	archiveVersion = 1;
	classes = {
	};
	objectVersion = 50;
	objects = {

/* Begin PBXBuildFile section */
		3014D6F120F9DF0B0028A621 /* AppDelegate.swift in Sources */ = {isa = PBXBuildFile; fileRef = 3014D6F020F9DF0B0028A621 /* AppDelegate.swift */; };
		3014D6F320F9DF0B0028A621 /* HomeFeedViewController.swift in Sources */ = {isa = PBXBuildFile; fileRef = 3014D6F220F9DF0B0028A621 /* HomeFeedViewController.swift */; };
		3014D6F620F9DF0B0028A621 /* Main.storyboard in Resources */ = {isa = PBXBuildFile; fileRef = 3014D6F420F9DF0B0028A621 /* Main.storyboard */; };
		3014D6F820F9DF0C0028A621 /* Assets.xcassets in Resources */ = {isa = PBXBuildFile; fileRef = 3014D6F720F9DF0C0028A621 /* Assets.xcassets */; };
		3014D6FB20F9DF0C0028A621 /* LaunchScreen.storyboard in Resources */ = {isa = PBXBuildFile; fileRef = 3014D6F920F9DF0C0028A621 /* LaunchScreen.storyboard */; };
		3014D70620F9DF0C0028A621 /* SocialNetworkCloneTests.swift in Sources */ = {isa = PBXBuildFile; fileRef = 3014D70520F9DF0C0028A621 /* SocialNetworkCloneTests.swift */; };
		3014D71220F9DFB20028A621 /* TableOfElementsViewController.swift in Sources */ = {isa = PBXBuildFile; fileRef = 3014D71120F9DFB20028A621 /* TableOfElementsViewController.swift */; };
		306DB0A120FA6FF700A38F89 /* ViewElementsCore.framework in Frameworks */ = {isa = PBXBuildFile; fileRef = 306DB0A020FA6FF700A38F89 /* ViewElementsCore.framework */; };
		306DB0A220FA6FF700A38F89 /* ViewElementsCore.framework in Embed Frameworks */ = {isa = PBXBuildFile; fileRef = 306DB0A020FA6FF700A38F89 /* ViewElementsCore.framework */; settings = {ATTRIBUTES = (CodeSignOnCopy, RemoveHeadersOnCopy, ); }; };
		3085098920F9E76F0058BD42 /* RemoteImageView.swift in Sources */ = {isa = PBXBuildFile; fileRef = 3085098820F9E76F0058BD42 /* RemoteImageView.swift */; };
		3085098D20F9F7F10058BD42 /* Misc.swift in Sources */ = {isa = PBXBuildFile; fileRef = 3085098C20F9F7F10058BD42 /* Misc.swift */; };
		3085099320FA099C0058BD42 /* Post.swift in Sources */ = {isa = PBXBuildFile; fileRef = 3085099220FA099C0058BD42 /* Post.swift */; };
		85284C2CD6DE97D1773DB348 /* Pods_SocialNetworkClone.framework in Frameworks */ = {isa = PBXBuildFile; fileRef = 240682A6017601C56F40180A /* Pods_SocialNetworkClone.framework */; };
/* End PBXBuildFile section */

/* Begin PBXContainerItemProxy section */
		3014D70220F9DF0C0028A621 /* PBXContainerItemProxy */ = {
			isa = PBXContainerItemProxy;
			containerPortal = 3014D6E520F9DF0B0028A621 /* Project object */;
			proxyType = 1;
			remoteGlobalIDString = 3014D6EC20F9DF0B0028A621;
			remoteInfo = SocialNetworkClone;
		};
/* End PBXContainerItemProxy section */

/* Begin PBXCopyFilesBuildPhase section */
		306DB0A320FA6FF700A38F89 /* Embed Frameworks */ = {
			isa = PBXCopyFilesBuildPhase;
			buildActionMask = 2147483647;
			dstPath = "";
			dstSubfolderSpec = 10;
			files = (
				306DB0A220FA6FF700A38F89 /* ViewElementsCore.framework in Embed Frameworks */,
			);
			name = "Embed Frameworks";
			runOnlyForDeploymentPostprocessing = 0;
		};
/* End PBXCopyFilesBuildPhase section */

/* Begin PBXFileReference section */
		240682A6017601C56F40180A /* Pods_SocialNetworkClone.framework */ = {isa = PBXFileReference; explicitFileType = wrapper.framework; includeInIndex = 0; path = Pods_SocialNetworkClone.framework; sourceTree = BUILT_PRODUCTS_DIR; };
		3014D6ED20F9DF0B0028A621 /* SocialNetworkClone.app */ = {isa = PBXFileReference; explicitFileType = wrapper.application; includeInIndex = 0; path = SocialNetworkClone.app; sourceTree = BUILT_PRODUCTS_DIR; };
		3014D6F020F9DF0B0028A621 /* AppDelegate.swift */ = {isa = PBXFileReference; lastKnownFileType = sourcecode.swift; path = AppDelegate.swift; sourceTree = "<group>"; };
		3014D6F220F9DF0B0028A621 /* HomeFeedViewController.swift */ = {isa = PBXFileReference; lastKnownFileType = sourcecode.swift; path = HomeFeedViewController.swift; sourceTree = "<group>"; };
		3014D6F520F9DF0B0028A621 /* Base */ = {isa = PBXFileReference; lastKnownFileType = file.storyboard; name = Base; path = Base.lproj/Main.storyboard; sourceTree = "<group>"; };
		3014D6F720F9DF0C0028A621 /* Assets.xcassets */ = {isa = PBXFileReference; lastKnownFileType = folder.assetcatalog; path = Assets.xcassets; sourceTree = "<group>"; };
		3014D6FA20F9DF0C0028A621 /* Base */ = {isa = PBXFileReference; lastKnownFileType = file.storyboard; name = Base; path = Base.lproj/LaunchScreen.storyboard; sourceTree = "<group>"; };
		3014D6FC20F9DF0C0028A621 /* Info.plist */ = {isa = PBXFileReference; lastKnownFileType = text.plist.xml; path = Info.plist; sourceTree = "<group>"; };
		3014D70120F9DF0C0028A621 /* SocialNetworkCloneTests.xctest */ = {isa = PBXFileReference; explicitFileType = wrapper.cfbundle; includeInIndex = 0; path = SocialNetworkCloneTests.xctest; sourceTree = BUILT_PRODUCTS_DIR; };
		3014D70520F9DF0C0028A621 /* SocialNetworkCloneTests.swift */ = {isa = PBXFileReference; lastKnownFileType = sourcecode.swift; path = SocialNetworkCloneTests.swift; sourceTree = "<group>"; };
		3014D70720F9DF0C0028A621 /* Info.plist */ = {isa = PBXFileReference; lastKnownFileType = text.plist.xml; path = Info.plist; sourceTree = "<group>"; };
		3014D71120F9DFB20028A621 /* TableOfElementsViewController.swift */ = {isa = PBXFileReference; lastKnownFileType = sourcecode.swift; path = TableOfElementsViewController.swift; sourceTree = "<group>"; };
		306DB0A020FA6FF700A38F89 /* ViewElementsCore.framework */ = {isa = PBXFileReference; explicitFileType = wrapper.framework; path = ViewElementsCore.framework; sourceTree = BUILT_PRODUCTS_DIR; };
		3085098820F9E76F0058BD42 /* RemoteImageView.swift */ = {isa = PBXFileReference; lastKnownFileType = sourcecode.swift; path = RemoteImageView.swift; sourceTree = "<group>"; };
		3085098C20F9F7F10058BD42 /* Misc.swift */ = {isa = PBXFileReference; lastKnownFileType = sourcecode.swift; path = Misc.swift; sourceTree = "<group>"; };
		3085099220FA099C0058BD42 /* Post.swift */ = {isa = PBXFileReference; lastKnownFileType = sourcecode.swift; path = Post.swift; sourceTree = "<group>"; };
		8481775FDA07D82B48B49DBE /* Pods-SocialNetworkClone.debug.xcconfig */ = {isa = PBXFileReference; includeInIndex = 1; lastKnownFileType = text.xcconfig; name = "Pods-SocialNetworkClone.debug.xcconfig"; path = "Pods/Target Support Files/Pods-SocialNetworkClone/Pods-SocialNetworkClone.debug.xcconfig"; sourceTree = "<group>"; };
		EDECA1B987BC1E3EF3C16C05 /* Pods-SocialNetworkClone.release.xcconfig */ = {isa = PBXFileReference; includeInIndex = 1; lastKnownFileType = text.xcconfig; name = "Pods-SocialNetworkClone.release.xcconfig"; path = "Pods/Target Support Files/Pods-SocialNetworkClone/Pods-SocialNetworkClone.release.xcconfig"; sourceTree = "<group>"; };
/* End PBXFileReference section */

/* Begin PBXFrameworksBuildPhase section */
		3014D6EA20F9DF0B0028A621 /* Frameworks */ = {
			isa = PBXFrameworksBuildPhase;
			buildActionMask = 2147483647;
			files = (
				85284C2CD6DE97D1773DB348 /* Pods_SocialNetworkClone.framework in Frameworks */,
				306DB0A120FA6FF700A38F89 /* ViewElementsCore.framework in Frameworks */,
			);
			runOnlyForDeploymentPostprocessing = 0;
		};
		3014D6FE20F9DF0C0028A621 /* Frameworks */ = {
			isa = PBXFrameworksBuildPhase;
			buildActionMask = 2147483647;
			files = (
			);
			runOnlyForDeploymentPostprocessing = 0;
		};
/* End PBXFrameworksBuildPhase section */

/* Begin PBXGroup section */
		0169B91087CF919FC79A4D94 /* Pods */ = {
			isa = PBXGroup;
			children = (
				8481775FDA07D82B48B49DBE /* Pods-SocialNetworkClone.debug.xcconfig */,
				EDECA1B987BC1E3EF3C16C05 /* Pods-SocialNetworkClone.release.xcconfig */,
			);
			name = Pods;
			sourceTree = "<group>";
		};
		2A56BC4C56F4E362CC569F37 /* Frameworks */ = {
			isa = PBXGroup;
			children = (
				240682A6017601C56F40180A /* Pods_SocialNetworkClone.framework */,
			);
			name = Frameworks;
			sourceTree = "<group>";
		};
		3014D6E420F9DF0B0028A621 = {
			isa = PBXGroup;
			children = (
				306DB0A020FA6FF700A38F89 /* ViewElementsCore.framework */,
				3014D6EF20F9DF0B0028A621 /* SocialNetworkClone */,
				3014D70420F9DF0C0028A621 /* SocialNetworkCloneTests */,
				3014D6EE20F9DF0B0028A621 /* Products */,
				0169B91087CF919FC79A4D94 /* Pods */,
				2A56BC4C56F4E362CC569F37 /* Frameworks */,
			);
			sourceTree = "<group>";
		};
		3014D6EE20F9DF0B0028A621 /* Products */ = {
			isa = PBXGroup;
			children = (
				3014D6ED20F9DF0B0028A621 /* SocialNetworkClone.app */,
				3014D70120F9DF0C0028A621 /* SocialNetworkCloneTests.xctest */,
			);
			name = Products;
			sourceTree = "<group>";
		};
		3014D6EF20F9DF0B0028A621 /* SocialNetworkClone */ = {
			isa = PBXGroup;
			children = (
				3085098720F9E7670058BD42 /* Views */,
				3014D71020F9DF920028A621 /* Utils */,
				3014D6F020F9DF0B0028A621 /* AppDelegate.swift */,
				3014D6F220F9DF0B0028A621 /* HomeFeedViewController.swift */,
				3085099220FA099C0058BD42 /* Post.swift */,
				3014D6F420F9DF0B0028A621 /* Main.storyboard */,
				3014D6F720F9DF0C0028A621 /* Assets.xcassets */,
				3014D6F920F9DF0C0028A621 /* LaunchScreen.storyboard */,
				3014D6FC20F9DF0C0028A621 /* Info.plist */,
			);
			path = SocialNetworkClone;
			sourceTree = "<group>";
		};
		3014D70420F9DF0C0028A621 /* SocialNetworkCloneTests */ = {
			isa = PBXGroup;
			children = (
				3014D70520F9DF0C0028A621 /* SocialNetworkCloneTests.swift */,
				3014D70720F9DF0C0028A621 /* Info.plist */,
			);
			path = SocialNetworkCloneTests;
			sourceTree = "<group>";
		};
		3014D71020F9DF920028A621 /* Utils */ = {
			isa = PBXGroup;
			children = (
				3014D71120F9DFB20028A621 /* TableOfElementsViewController.swift */,
				3085098C20F9F7F10058BD42 /* Misc.swift */,
			);
			path = Utils;
			sourceTree = "<group>";
		};
		3085098720F9E7670058BD42 /* Views */ = {
			isa = PBXGroup;
			children = (
				3085098820F9E76F0058BD42 /* RemoteImageView.swift */,
			);
			path = Views;
			sourceTree = "<group>";
		};
/* End PBXGroup section */

/* Begin PBXNativeTarget section */
		3014D6EC20F9DF0B0028A621 /* SocialNetworkClone */ = {
			isa = PBXNativeTarget;
			buildConfigurationList = 3014D70A20F9DF0C0028A621 /* Build configuration list for PBXNativeTarget "SocialNetworkClone" */;
			buildPhases = (
				2FAAECD4599467F7DAA57812 /* [CP] Check Pods Manifest.lock */,
				3014D6E920F9DF0B0028A621 /* Sources */,
				3014D6EA20F9DF0B0028A621 /* Frameworks */,
				3014D6EB20F9DF0B0028A621 /* Resources */,
				DFEE4783580787F0237731CD /* [CP] Embed Pods Frameworks */,
				306DB0A320FA6FF700A38F89 /* Embed Frameworks */,
			);
			buildRules = (
			);
			dependencies = (
			);
			name = SocialNetworkClone;
			productName = SocialNetworkClone;
			productReference = 3014D6ED20F9DF0B0028A621 /* SocialNetworkClone.app */;
			productType = "com.apple.product-type.application";
		};
		3014D70020F9DF0C0028A621 /* SocialNetworkCloneTests */ = {
			isa = PBXNativeTarget;
			buildConfigurationList = 3014D70D20F9DF0C0028A621 /* Build configuration list for PBXNativeTarget "SocialNetworkCloneTests" */;
			buildPhases = (
				3014D6FD20F9DF0C0028A621 /* Sources */,
				3014D6FE20F9DF0C0028A621 /* Frameworks */,
				3014D6FF20F9DF0C0028A621 /* Resources */,
			);
			buildRules = (
			);
			dependencies = (
				3014D70320F9DF0C0028A621 /* PBXTargetDependency */,
			);
			name = SocialNetworkCloneTests;
			productName = SocialNetworkCloneTests;
			productReference = 3014D70120F9DF0C0028A621 /* SocialNetworkCloneTests.xctest */;
			productType = "com.apple.product-type.bundle.unit-test";
		};
/* End PBXNativeTarget section */

/* Begin PBXProject section */
		3014D6E520F9DF0B0028A621 /* Project object */ = {
			isa = PBXProject;
			attributes = {
				LastSwiftUpdateCheck = 0940;
				LastUpgradeCheck = 0940;
				ORGANIZATIONNAME = "Wirawit Rueopas";
				TargetAttributes = {
					3014D6EC20F9DF0B0028A621 = {
						CreatedOnToolsVersion = 9.4.1;
					};
					3014D70020F9DF0C0028A621 = {
						CreatedOnToolsVersion = 9.4.1;
						TestTargetID = 3014D6EC20F9DF0B0028A621;
					};
				};
			};
			buildConfigurationList = 3014D6E820F9DF0B0028A621 /* Build configuration list for PBXProject "SocialNetworkClone" */;
			compatibilityVersion = "Xcode 9.3";
			developmentRegion = en;
			hasScannedForEncodings = 0;
			knownRegions = (
				en,
				Base,
			);
			mainGroup = 3014D6E420F9DF0B0028A621;
			productRefGroup = 3014D6EE20F9DF0B0028A621 /* Products */;
			projectDirPath = "";
			projectRoot = "";
			targets = (
				3014D6EC20F9DF0B0028A621 /* SocialNetworkClone */,
				3014D70020F9DF0C0028A621 /* SocialNetworkCloneTests */,
			);
		};
/* End PBXProject section */

/* Begin PBXResourcesBuildPhase section */
		3014D6EB20F9DF0B0028A621 /* Resources */ = {
			isa = PBXResourcesBuildPhase;
			buildActionMask = 2147483647;
			files = (
				3014D6FB20F9DF0C0028A621 /* LaunchScreen.storyboard in Resources */,
				3014D6F820F9DF0C0028A621 /* Assets.xcassets in Resources */,
				3014D6F620F9DF0B0028A621 /* Main.storyboard in Resources */,
			);
			runOnlyForDeploymentPostprocessing = 0;
		};
		3014D6FF20F9DF0C0028A621 /* Resources */ = {
			isa = PBXResourcesBuildPhase;
			buildActionMask = 2147483647;
			files = (
			);
			runOnlyForDeploymentPostprocessing = 0;
		};
/* End PBXResourcesBuildPhase section */

/* Begin PBXShellScriptBuildPhase section */
		2FAAECD4599467F7DAA57812 /* [CP] Check Pods Manifest.lock */ = {
			isa = PBXShellScriptBuildPhase;
			buildActionMask = 2147483647;
			files = (
			);
			inputPaths = (
				"${PODS_PODFILE_DIR_PATH}/Podfile.lock",
				"${PODS_ROOT}/Manifest.lock",
			);
			name = "[CP] Check Pods Manifest.lock";
			outputPaths = (
				"$(DERIVED_FILE_DIR)/Pods-SocialNetworkClone-checkManifestLockResult.txt",
			);
			runOnlyForDeploymentPostprocessing = 0;
			shellPath = /bin/sh;
			shellScript = "diff \"${PODS_PODFILE_DIR_PATH}/Podfile.lock\" \"${PODS_ROOT}/Manifest.lock\" > /dev/null\nif [ $? != 0 ] ; then\n    # print error to STDERR\n    echo \"error: The sandbox is not in sync with the Podfile.lock. Run 'pod install' or update your CocoaPods installation.\" >&2\n    exit 1\nfi\n# This output is used by Xcode 'outputs' to avoid re-running this script phase.\necho \"SUCCESS\" > \"${SCRIPT_OUTPUT_FILE_0}\"\n";
			showEnvVarsInLog = 0;
		};
		DFEE4783580787F0237731CD /* [CP] Embed Pods Frameworks */ = {
			isa = PBXShellScriptBuildPhase;
			buildActionMask = 2147483647;
			files = (
			);
			inputPaths = (
				"${SRCROOT}/Pods/Target Support Files/Pods-SocialNetworkClone/Pods-SocialNetworkClone-frameworks.sh",
				"${BUILT_PRODUCTS_DIR}/Bartinter/Bartinter.framework",
				"${BUILT_PRODUCTS_DIR}/Kingfisher/Kingfisher.framework",
				"${BUILT_PRODUCTS_DIR}/RxCocoa/RxCocoa.framework",
				"${BUILT_PRODUCTS_DIR}/RxSwift/RxSwift.framework",
				"${BUILT_PRODUCTS_DIR}/SwiftDate/SwiftDate.framework",
			);
			name = "[CP] Embed Pods Frameworks";
			outputPaths = (
				"${TARGET_BUILD_DIR}/${FRAMEWORKS_FOLDER_PATH}/Bartinter.framework",
				"${TARGET_BUILD_DIR}/${FRAMEWORKS_FOLDER_PATH}/Kingfisher.framework",
				"${TARGET_BUILD_DIR}/${FRAMEWORKS_FOLDER_PATH}/RxCocoa.framework",
				"${TARGET_BUILD_DIR}/${FRAMEWORKS_FOLDER_PATH}/RxSwift.framework",
				"${TARGET_BUILD_DIR}/${FRAMEWORKS_FOLDER_PATH}/SwiftDate.framework",
			);
			runOnlyForDeploymentPostprocessing = 0;
			shellPath = /bin/sh;
			shellScript = "\"${SRCROOT}/Pods/Target Support Files/Pods-SocialNetworkClone/Pods-SocialNetworkClone-frameworks.sh\"\n";
			showEnvVarsInLog = 0;
		};
/* End PBXShellScriptBuildPhase section */

/* Begin PBXSourcesBuildPhase section */
		3014D6E920F9DF0B0028A621 /* Sources */ = {
			isa = PBXSourcesBuildPhase;
			buildActionMask = 2147483647;
			files = (
				3014D6F320F9DF0B0028A621 /* HomeFeedViewController.swift in Sources */,
				3014D71220F9DFB20028A621 /* TableOfElementsViewController.swift in Sources */,
				3085098920F9E76F0058BD42 /* RemoteImageView.swift in Sources */,
				3085099320FA099C0058BD42 /* Post.swift in Sources */,
				3085098D20F9F7F10058BD42 /* Misc.swift in Sources */,
				3014D6F120F9DF0B0028A621 /* AppDelegate.swift in Sources */,
			);
			runOnlyForDeploymentPostprocessing = 0;
		};
		3014D6FD20F9DF0C0028A621 /* Sources */ = {
			isa = PBXSourcesBuildPhase;
			buildActionMask = 2147483647;
			files = (
				3014D70620F9DF0C0028A621 /* SocialNetworkCloneTests.swift in Sources */,
			);
			runOnlyForDeploymentPostprocessing = 0;
		};
/* End PBXSourcesBuildPhase section */

/* Begin PBXTargetDependency section */
		3014D70320F9DF0C0028A621 /* PBXTargetDependency */ = {
			isa = PBXTargetDependency;
			target = 3014D6EC20F9DF0B0028A621 /* SocialNetworkClone */;
			targetProxy = 3014D70220F9DF0C0028A621 /* PBXContainerItemProxy */;
		};
/* End PBXTargetDependency section */

/* Begin PBXVariantGroup section */
		3014D6F420F9DF0B0028A621 /* Main.storyboard */ = {
			isa = PBXVariantGroup;
			children = (
				3014D6F520F9DF0B0028A621 /* Base */,
			);
			name = Main.storyboard;
			sourceTree = "<group>";
		};
		3014D6F920F9DF0C0028A621 /* LaunchScreen.storyboard */ = {
			isa = PBXVariantGroup;
			children = (
				3014D6FA20F9DF0C0028A621 /* Base */,
			);
			name = LaunchScreen.storyboard;
			sourceTree = "<group>";
		};
/* End PBXVariantGroup section */

/* Begin XCBuildConfiguration section */
		3014D70820F9DF0C0028A621 /* Debug */ = {
			isa = XCBuildConfiguration;
			buildSettings = {
				ALWAYS_SEARCH_USER_PATHS = NO;
				CLANG_ANALYZER_NONNULL = YES;
				CLANG_ANALYZER_NUMBER_OBJECT_CONVERSION = YES_AGGRESSIVE;
				CLANG_CXX_LANGUAGE_STANDARD = "gnu++14";
				CLANG_CXX_LIBRARY = "libc++";
				CLANG_ENABLE_MODULES = YES;
				CLANG_ENABLE_OBJC_ARC = YES;
				CLANG_ENABLE_OBJC_WEAK = YES;
				CLANG_WARN_BLOCK_CAPTURE_AUTORELEASING = YES;
				CLANG_WARN_BOOL_CONVERSION = YES;
				CLANG_WARN_COMMA = YES;
				CLANG_WARN_CONSTANT_CONVERSION = YES;
				CLANG_WARN_DEPRECATED_OBJC_IMPLEMENTATIONS = YES;
				CLANG_WARN_DIRECT_OBJC_ISA_USAGE = YES_ERROR;
				CLANG_WARN_DOCUMENTATION_COMMENTS = YES;
				CLANG_WARN_EMPTY_BODY = YES;
				CLANG_WARN_ENUM_CONVERSION = YES;
				CLANG_WARN_INFINITE_RECURSION = YES;
				CLANG_WARN_INT_CONVERSION = YES;
				CLANG_WARN_NON_LITERAL_NULL_CONVERSION = YES;
				CLANG_WARN_OBJC_IMPLICIT_RETAIN_SELF = YES;
				CLANG_WARN_OBJC_LITERAL_CONVERSION = YES;
				CLANG_WARN_OBJC_ROOT_CLASS = YES_ERROR;
				CLANG_WARN_RANGE_LOOP_ANALYSIS = YES;
				CLANG_WARN_STRICT_PROTOTYPES = YES;
				CLANG_WARN_SUSPICIOUS_MOVE = YES;
				CLANG_WARN_UNGUARDED_AVAILABILITY = YES_AGGRESSIVE;
				CLANG_WARN_UNREACHABLE_CODE = YES;
				CLANG_WARN__DUPLICATE_METHOD_MATCH = YES;
				CODE_SIGN_IDENTITY = "iPhone Developer";
				COPY_PHASE_STRIP = NO;
				DEBUG_INFORMATION_FORMAT = dwarf;
				ENABLE_STRICT_OBJC_MSGSEND = YES;
				ENABLE_TESTABILITY = YES;
				GCC_C_LANGUAGE_STANDARD = gnu11;
				GCC_DYNAMIC_NO_PIC = NO;
				GCC_NO_COMMON_BLOCKS = YES;
				GCC_OPTIMIZATION_LEVEL = 0;
				GCC_PREPROCESSOR_DEFINITIONS = (
					"DEBUG=1",
					"$(inherited)",
				);
				GCC_WARN_64_TO_32_BIT_CONVERSION = YES;
				GCC_WARN_ABOUT_RETURN_TYPE = YES_ERROR;
				GCC_WARN_UNDECLARED_SELECTOR = YES;
				GCC_WARN_UNINITIALIZED_AUTOS = YES_AGGRESSIVE;
				GCC_WARN_UNUSED_FUNCTION = YES;
				GCC_WARN_UNUSED_VARIABLE = YES;
				IPHONEOS_DEPLOYMENT_TARGET = 11.4;
				MTL_ENABLE_DEBUG_INFO = YES;
				ONLY_ACTIVE_ARCH = YES;
				SDKROOT = iphoneos;
				SWIFT_ACTIVE_COMPILATION_CONDITIONS = DEBUG;
				SWIFT_OPTIMIZATION_LEVEL = "-Onone";
			};
			name = Debug;
		};
		3014D70920F9DF0C0028A621 /* Release */ = {
			isa = XCBuildConfiguration;
			buildSettings = {
				ALWAYS_SEARCH_USER_PATHS = NO;
				CLANG_ANALYZER_NONNULL = YES;
				CLANG_ANALYZER_NUMBER_OBJECT_CONVERSION = YES_AGGRESSIVE;
				CLANG_CXX_LANGUAGE_STANDARD = "gnu++14";
				CLANG_CXX_LIBRARY = "libc++";
				CLANG_ENABLE_MODULES = YES;
				CLANG_ENABLE_OBJC_ARC = YES;
				CLANG_ENABLE_OBJC_WEAK = YES;
				CLANG_WARN_BLOCK_CAPTURE_AUTORELEASING = YES;
				CLANG_WARN_BOOL_CONVERSION = YES;
				CLANG_WARN_COMMA = YES;
				CLANG_WARN_CONSTANT_CONVERSION = YES;
				CLANG_WARN_DEPRECATED_OBJC_IMPLEMENTATIONS = YES;
				CLANG_WARN_DIRECT_OBJC_ISA_USAGE = YES_ERROR;
				CLANG_WARN_DOCUMENTATION_COMMENTS = YES;
				CLANG_WARN_EMPTY_BODY = YES;
				CLANG_WARN_ENUM_CONVERSION = YES;
				CLANG_WARN_INFINITE_RECURSION = YES;
				CLANG_WARN_INT_CONVERSION = YES;
				CLANG_WARN_NON_LITERAL_NULL_CONVERSION = YES;
				CLANG_WARN_OBJC_IMPLICIT_RETAIN_SELF = YES;
				CLANG_WARN_OBJC_LITERAL_CONVERSION = YES;
				CLANG_WARN_OBJC_ROOT_CLASS = YES_ERROR;
				CLANG_WARN_RANGE_LOOP_ANALYSIS = YES;
				CLANG_WARN_STRICT_PROTOTYPES = YES;
				CLANG_WARN_SUSPICIOUS_MOVE = YES;
				CLANG_WARN_UNGUARDED_AVAILABILITY = YES_AGGRESSIVE;
				CLANG_WARN_UNREACHABLE_CODE = YES;
				CLANG_WARN__DUPLICATE_METHOD_MATCH = YES;
				CODE_SIGN_IDENTITY = "iPhone Developer";
				COPY_PHASE_STRIP = NO;
				DEBUG_INFORMATION_FORMAT = "dwarf-with-dsym";
				ENABLE_NS_ASSERTIONS = NO;
				ENABLE_STRICT_OBJC_MSGSEND = YES;
				GCC_C_LANGUAGE_STANDARD = gnu11;
				GCC_NO_COMMON_BLOCKS = YES;
				GCC_WARN_64_TO_32_BIT_CONVERSION = YES;
				GCC_WARN_ABOUT_RETURN_TYPE = YES_ERROR;
				GCC_WARN_UNDECLARED_SELECTOR = YES;
				GCC_WARN_UNINITIALIZED_AUTOS = YES_AGGRESSIVE;
				GCC_WARN_UNUSED_FUNCTION = YES;
				GCC_WARN_UNUSED_VARIABLE = YES;
				IPHONEOS_DEPLOYMENT_TARGET = 11.4;
				MTL_ENABLE_DEBUG_INFO = NO;
				SDKROOT = iphoneos;
				SWIFT_COMPILATION_MODE = wholemodule;
				SWIFT_OPTIMIZATION_LEVEL = "-O";
				VALIDATE_PRODUCT = YES;
			};
			name = Release;
		};
		3014D70B20F9DF0C0028A621 /* Debug */ = {
			isa = XCBuildConfiguration;
			baseConfigurationReference = 8481775FDA07D82B48B49DBE /* Pods-SocialNetworkClone.debug.xcconfig */;
			buildSettings = {
				ASSETCATALOG_COMPILER_APPICON_NAME = AppIcon;
				CODE_SIGN_STYLE = Automatic;
				DEVELOPMENT_TEAM = C4JRFH5FHP;
				INFOPLIST_FILE = SocialNetworkClone/Info.plist;
				IPHONEOS_DEPLOYMENT_TARGET = 11.0;
				LD_RUNPATH_SEARCH_PATHS = (
					"$(inherited)",
					"@executable_path/Frameworks",
				);
				PRODUCT_BUNDLE_IDENTIFIER = com.wirawitrueopas.SocialNetworkClone;
				PRODUCT_NAME = "$(TARGET_NAME)";
				SWIFT_VERSION = 4.0;
				TARGETED_DEVICE_FAMILY = "1,2";
			};
			name = Debug;
		};
		3014D70C20F9DF0C0028A621 /* Release */ = {
			isa = XCBuildConfiguration;
			baseConfigurationReference = EDECA1B987BC1E3EF3C16C05 /* Pods-SocialNetworkClone.release.xcconfig */;
			buildSettings = {
				ASSETCATALOG_COMPILER_APPICON_NAME = AppIcon;
				CODE_SIGN_STYLE = Automatic;
				DEVELOPMENT_TEAM = C4JRFH5FHP;
				INFOPLIST_FILE = SocialNetworkClone/Info.plist;
				IPHONEOS_DEPLOYMENT_TARGET = 11.0;
				LD_RUNPATH_SEARCH_PATHS = (
					"$(inherited)",
					"@executable_path/Frameworks",
				);
				PRODUCT_BUNDLE_IDENTIFIER = com.wirawitrueopas.SocialNetworkClone;
				PRODUCT_NAME = "$(TARGET_NAME)";
				SWIFT_VERSION = 4.0;
				TARGETED_DEVICE_FAMILY = "1,2";
			};
			name = Release;
		};
		3014D70E20F9DF0C0028A621 /* Debug */ = {
			isa = XCBuildConfiguration;
			buildSettings = {
				ALWAYS_EMBED_SWIFT_STANDARD_LIBRARIES = YES;
				BUNDLE_LOADER = "$(TEST_HOST)";
				CODE_SIGN_STYLE = Automatic;
				DEVELOPMENT_TEAM = C4JRFH5FHP;
				INFOPLIST_FILE = SocialNetworkCloneTests/Info.plist;
				LD_RUNPATH_SEARCH_PATHS = (
					"$(inherited)",
					"@executable_path/Frameworks",
					"@loader_path/Frameworks",
				);
				PRODUCT_BUNDLE_IDENTIFIER = com.wirawitrueopas.SocialNetworkCloneTests;
				PRODUCT_NAME = "$(TARGET_NAME)";
				SWIFT_VERSION = 4.0;
				TARGETED_DEVICE_FAMILY = "1,2";
				TEST_HOST = "$(BUILT_PRODUCTS_DIR)/SocialNetworkClone.app/SocialNetworkClone";
			};
			name = Debug;
		};
		3014D70F20F9DF0C0028A621 /* Release */ = {
			isa = XCBuildConfiguration;
			buildSettings = {
				ALWAYS_EMBED_SWIFT_STANDARD_LIBRARIES = YES;
				BUNDLE_LOADER = "$(TEST_HOST)";
				CODE_SIGN_STYLE = Automatic;
				DEVELOPMENT_TEAM = C4JRFH5FHP;
				INFOPLIST_FILE = SocialNetworkCloneTests/Info.plist;
				LD_RUNPATH_SEARCH_PATHS = (
					"$(inherited)",
					"@executable_path/Frameworks",
					"@loader_path/Frameworks",
				);
				PRODUCT_BUNDLE_IDENTIFIER = com.wirawitrueopas.SocialNetworkCloneTests;
				PRODUCT_NAME = "$(TARGET_NAME)";
				SWIFT_VERSION = 4.0;
				TARGETED_DEVICE_FAMILY = "1,2";
				TEST_HOST = "$(BUILT_PRODUCTS_DIR)/SocialNetworkClone.app/SocialNetworkClone";
			};
			name = Release;
		};
/* End XCBuildConfiguration section */

/* Begin XCConfigurationList section */
		3014D6E820F9DF0B0028A621 /* Build configuration list for PBXProject "SocialNetworkClone" */ = {
			isa = XCConfigurationList;
			buildConfigurations = (
				3014D70820F9DF0C0028A621 /* Debug */,
				3014D70920F9DF0C0028A621 /* Release */,
			);
			defaultConfigurationIsVisible = 0;
			defaultConfigurationName = Release;
		};
		3014D70A20F9DF0C0028A621 /* Build configuration list for PBXNativeTarget "SocialNetworkClone" */ = {
			isa = XCConfigurationList;
			buildConfigurations = (
				3014D70B20F9DF0C0028A621 /* Debug */,
				3014D70C20F9DF0C0028A621 /* Release */,
			);
			defaultConfigurationIsVisible = 0;
			defaultConfigurationName = Release;
		};
		3014D70D20F9DF0C0028A621 /* Build configuration list for PBXNativeTarget "SocialNetworkCloneTests" */ = {
			isa = XCConfigurationList;
			buildConfigurations = (
				3014D70E20F9DF0C0028A621 /* Debug */,
				3014D70F20F9DF0C0028A621 /* Release */,
			);
			defaultConfigurationIsVisible = 0;
			defaultConfigurationName = Release;
		};
/* End XCConfigurationList section */
	};
	rootObject = 3014D6E520F9DF0B0028A621 /* Project object */;
}
